
Microsoft Visual Studio Solution File, Format Version 12.00
# Visual Studio Version 17
VisualStudioVersion = 17.7.34031.279
MinimumVisualStudioVersion = 10.0.40219.1
Project("{FAE04EC0-301F-11D3-BF4B-00C04F79EFBC}") = "Portafolio", "Portafolio\Portafolio.csproj", "{CE2DAE94-3689-4789-A14C-69A961F4FB89}"
EndProject
Global
	GlobalSection(SolutionConfigurationPlatforms) = preSolution
		Debug|Any CPU = Debug|Any CPU
		Release|Any CPU = Release|Any CPU
	EndGlobalSection
	GlobalSection(ProjectConfigurationPlatforms) = postSolution
		{CE2DAE94-3689-4789-A14C-69A961F4FB89}.Debug|Any CPU.ActiveCfg = Debug|Any CPU
		{CE2DAE94-3689-4789-A14C-69A961F4FB89}.Debug|Any CPU.Build.0 = Debug|Any CPU
		{CE2DAE94-3689-4789-A14C-69A961F4FB89}.Release|Any CPU.ActiveCfg = Release|Any CPU
		{CE2DAE94-3689-4789-A14C-69A961F4FB89}.Release|Any CPU.Build.0 = Release|Any CPU
	EndGlobalSection
	GlobalSection(SolutionProperties) = preSolution
		HideSolutionNode = FALSE
	EndGlobalSection
	GlobalSection(ExtensibilityGlobals) = postSolution
		SolutionGuid = {3D68F6C3-1A22-4A91-B1B2-D616662D470D}
	EndGlobalSection
EndGlobal
